# THIS IS AN AUTOGENERATED FILE. DO NOT EDIT THIS FILE DIRECTLY.
# yarn lockfile v1


"@types/es6-shim@^0.31.35":
  version "0.31.35"
  resolved "https://registry.yarnpkg.com/@types/es6-shim/-/es6-shim-0.31.35.tgz#d11920d8d4c938ad912c51e699ed7ba2505ba1eb"

"@types/lodash@^4.14.85":
  version "4.14.85"
  resolved "https://registry.yarnpkg.com/@types/lodash/-/lodash-4.14.85.tgz#a16fbf942422f6eca5622b6910492c496c35069b"

es6-shim@^0.35.3:
  version "0.35.3"
  resolved "https://registry.yarnpkg.com/es6-shim/-/es6-shim-0.35.3.tgz#9bfb7363feffff87a6cdb6cd93e405ec3c4b6f26"

rxjs@^5.5.2:
  version "5.5.2"
  resolved "https://registry.yarnpkg.com/rxjs/-/rxjs-5.5.2.tgz#28d403f0071121967f18ad665563255d54236ac3"
  dependencies:
    symbol-observable "^1.0.1"

symbol-observable@^1.0.1:
  version "1.0.4"
  resolved "https://registry.yarnpkg.com/symbol-observable/-/symbol-observable-1.0.4.tgz#29bf615d4aa7121bdd898b22d4b3f9bc4e2aa03d"
